
Microsoft Visual Studio Solution File, Format Version 12.00
# Visual Studio Version 16
VisualStudioVersion = 16.0.31911.196
MinimumVisualStudioVersion = 10.0.40219.1
Project("{FAE04EC0-301F-11D3-BF4B-00C04F79EFBC}") = "DemoCoreWebAPI", "DemoCoreWebAPI\DemoCoreWebAPI.csproj", "{8CD8CEE1-BF85-4B0A-81A6-BD1F40629D44}"
EndProject
Global
	GlobalSection(SolutionConfigurationPlatforms) = preSolution
		Debug|Any CPU = Debug|Any CPU
		Release|Any CPU = Release|Any CPU
	EndGlobalSection
	GlobalSection(ProjectConfigurationPlatforms) = postSolution
		{8CD8CEE1-BF85-4B0A-81A6-BD1F40629D44}.Debug|Any CPU.ActiveCfg = Debug|Any CPU
		{8CD8CEE1-BF85-4B0A-81A6-BD1F40629D44}.Debug|Any CPU.Build.0 = Debug|Any CPU
		{8CD8CEE1-BF85-4B0A-81A6-BD1F40629D44}.Release|Any CPU.ActiveCfg = Release|Any CPU
		{8CD8CEE1-BF85-4B0A-81A6-BD1F40629D44}.Release|Any CPU.Build.0 = Release|Any CPU
	EndGlobalSection
	GlobalSection(SolutionProperties) = preSolution
		HideSolutionNode = FALSE
	EndGlobalSection
	GlobalSection(ExtensibilityGlobals) = postSolution
		SolutionGuid = {0E1F76BA-C143-4A9A-9D51-C605C18A5BFF}
	EndGlobalSection
EndGlobal
